// !$*UTF8*$!
{
	archiveVersion = 1;
	classes = {
	};
	objectVersion = 48;
	objects = {

/* Begin PBXBuildFile section */
		F72014C71F9CA3BA00E999D0 /* VoiceRecognitionService.swift in Sources */ = {isa = PBXBuildFile; fileRef = F72014C61F9CA3BA00E999D0 /* VoiceRecognitionService.swift */; };
		F7500A521F96417D008AA9FE /* TextToSpeechService.swift in Sources */ = {isa = PBXBuildFile; fileRef = F7500A511F96417D008AA9FE /* TextToSpeechService.swift */; };
		F7500A541F96418F008AA9FE /* SpeechRecognition.swift in Sources */ = {isa = PBXBuildFile; fileRef = F7500A531F96418F008AA9FE /* SpeechRecognition.swift */; };
		F7500A571F9643BA008AA9FE /* AVFoundation.framework in Frameworks */ = {isa = PBXBuildFile; fileRef = F7500A561F9643BA008AA9FE /* AVFoundation.framework */; };
		F7500A5A1F96515D008AA9FE /* RoundButton.swift in Sources */ = {isa = PBXBuildFile; fileRef = F7500A591F96515D008AA9FE /* RoundButton.swift */; };
		F78E95251F926721005334C0 /* Tense.swift in Sources */ = {isa = PBXBuildFile; fileRef = F78E95241F926721005334C0 /* Tense.swift */; };
		F7B736F41F8D086D00355F6C /* AppDelegate.swift in Sources */ = {isa = PBXBuildFile; fileRef = F7B736F31F8D086D00355F6C /* AppDelegate.swift */; };
		F7B736F61F8D086D00355F6C /* ViewController.swift in Sources */ = {isa = PBXBuildFile; fileRef = F7B736F51F8D086D00355F6C /* ViewController.swift */; };
		F7B736F91F8D086D00355F6C /* Main.storyboard in Resources */ = {isa = PBXBuildFile; fileRef = F7B736F71F8D086D00355F6C /* Main.storyboard */; };
		F7B736FB1F8D086D00355F6C /* Assets.xcassets in Resources */ = {isa = PBXBuildFile; fileRef = F7B736FA1F8D086D00355F6C /* Assets.xcassets */; };
		F7B736FE1F8D086D00355F6C /* LaunchScreen.storyboard in Resources */ = {isa = PBXBuildFile; fileRef = F7B736FC1F8D086D00355F6C /* LaunchScreen.storyboard */; };
		F7B737061F8D08AC00355F6C /* GrammarCheckingService.swift in Sources */ = {isa = PBXBuildFile; fileRef = F7B737051F8D08AC00355F6C /* GrammarCheckingService.swift */; };
		F7B7370A1F8D09C800355F6C /* TextProcessingService.swift in Sources */ = {isa = PBXBuildFile; fileRef = F7B737091F8D09C800355F6C /* TextProcessingService.swift */; };
		F7F8A47B1F8EC87100A1D810 /* Word.swift in Sources */ = {isa = PBXBuildFile; fileRef = F7F8A47A1F8EC87100A1D810 /* Word.swift */; };
		F7F8A47D1F8ED11D00A1D810 /* EnglishConstants.swift in Sources */ = {isa = PBXBuildFile; fileRef = F7F8A47C1F8ED11D00A1D810 /* EnglishConstants.swift */; };
/* End PBXBuildFile section */

/* Begin PBXFileReference section */
		F72014C61F9CA3BA00E999D0 /* VoiceRecognitionService.swift */ = {isa = PBXFileReference; lastKnownFileType = sourcecode.swift; path = VoiceRecognitionService.swift; sourceTree = "<group>"; };
		F7500A511F96417D008AA9FE /* TextToSpeechService.swift */ = {isa = PBXFileReference; lastKnownFileType = sourcecode.swift; path = TextToSpeechService.swift; sourceTree = "<group>"; };
		F7500A531F96418F008AA9FE /* SpeechRecognition.swift */ = {isa = PBXFileReference; lastKnownFileType = sourcecode.swift; path = SpeechRecognition.swift; sourceTree = "<group>"; };
		F7500A561F9643BA008AA9FE /* AVFoundation.framework */ = {isa = PBXFileReference; lastKnownFileType = wrapper.framework; name = AVFoundation.framework; path = System/Library/Frameworks/AVFoundation.framework; sourceTree = SDKROOT; };
		F7500A591F96515D008AA9FE /* RoundButton.swift */ = {isa = PBXFileReference; lastKnownFileType = sourcecode.swift; path = RoundButton.swift; sourceTree = "<group>"; };
		F78E95241F926721005334C0 /* Tense.swift */ = {isa = PBXFileReference; lastKnownFileType = sourcecode.swift; path = Tense.swift; sourceTree = "<group>"; };
		F7B736F01F8D086D00355F6C /* GrammarChecker.app */ = {isa = PBXFileReference; explicitFileType = wrapper.application; includeInIndex = 0; path = GrammarChecker.app; sourceTree = BUILT_PRODUCTS_DIR; };
		F7B736F31F8D086D00355F6C /* AppDelegate.swift */ = {isa = PBXFileReference; lastKnownFileType = sourcecode.swift; path = AppDelegate.swift; sourceTree = "<group>"; };
		F7B736F51F8D086D00355F6C /* ViewController.swift */ = {isa = PBXFileReference; lastKnownFileType = sourcecode.swift; path = ViewController.swift; sourceTree = "<group>"; };
		F7B736F81F8D086D00355F6C /* Base */ = {isa = PBXFileReference; lastKnownFileType = file.storyboard; name = Base; path = Base.lproj/Main.storyboard; sourceTree = "<group>"; };
		F7B736FA1F8D086D00355F6C /* Assets.xcassets */ = {isa = PBXFileReference; lastKnownFileType = folder.assetcatalog; path = Assets.xcassets; sourceTree = "<group>"; };
		F7B736FD1F8D086D00355F6C /* Base */ = {isa = PBXFileReference; lastKnownFileType = file.storyboard; name = Base; path = Base.lproj/LaunchScreen.storyboard; sourceTree = "<group>"; };
		F7B736FF1F8D086D00355F6C /* Info.plist */ = {isa = PBXFileReference; lastKnownFileType = text.plist.xml; path = Info.plist; sourceTree = "<group>"; };
		F7B737051F8D08AC00355F6C /* GrammarCheckingService.swift */ = {isa = PBXFileReference; lastKnownFileType = sourcecode.swift; path = GrammarCheckingService.swift; sourceTree = "<group>"; };
		F7B737091F8D09C800355F6C /* TextProcessingService.swift */ = {isa = PBXFileReference; lastKnownFileType = sourcecode.swift; path = TextProcessingService.swift; sourceTree = "<group>"; };
		F7F8A47A1F8EC87100A1D810 /* Word.swift */ = {isa = PBXFileReference; lastKnownFileType = sourcecode.swift; path = Word.swift; sourceTree = "<group>"; };
		F7F8A47C1F8ED11D00A1D810 /* EnglishConstants.swift */ = {isa = PBXFileReference; lastKnownFileType = sourcecode.swift; path = EnglishConstants.swift; sourceTree = "<group>"; };
/* End PBXFileReference section */

/* Begin PBXFrameworksBuildPhase section */
		F7B736ED1F8D086D00355F6C /* Frameworks */ = {
			isa = PBXFrameworksBuildPhase;
			buildActionMask = 2147483647;
			files = (
				F7500A571F9643BA008AA9FE /* AVFoundation.framework in Frameworks */,
			);
			runOnlyForDeploymentPostprocessing = 0;
		};
/* End PBXFrameworksBuildPhase section */

/* Begin PBXGroup section */
		F7500A551F9643BA008AA9FE /* Frameworks */ = {
			isa = PBXGroup;
			children = (
				F7500A561F9643BA008AA9FE /* AVFoundation.framework */,
			);
			name = Frameworks;
			sourceTree = "<group>";
		};
		F7500A581F965143008AA9FE /* View */ = {
			isa = PBXGroup;
			children = (
				F7500A591F96515D008AA9FE /* RoundButton.swift */,
			);
			path = View;
			sourceTree = "<group>";
		};
		F79228931F93643F000BF476 /* Services */ = {
			isa = PBXGroup;
			children = (
				F7B737051F8D08AC00355F6C /* GrammarCheckingService.swift */,
				F7B737091F8D09C800355F6C /* TextProcessingService.swift */,
				F7500A511F96417D008AA9FE /* TextToSpeechService.swift */,
				F7500A531F96418F008AA9FE /* SpeechRecognition.swift */,
				F72014C61F9CA3BA00E999D0 /* VoiceRecognitionService.swift */,
			);
			path = Services;
			sourceTree = "<group>";
		};
		F79228941F936448000BF476 /* Model */ = {
			isa = PBXGroup;
			children = (
				F7F8A47A1F8EC87100A1D810 /* Word.swift */,
			);
			path = Model;
			sourceTree = "<group>";
		};
		F79228951F93644F000BF476 /* Assets */ = {
			isa = PBXGroup;
			children = (
				F7B736F71F8D086D00355F6C /* Main.storyboard */,
				F7B736FA1F8D086D00355F6C /* Assets.xcassets */,
				F7B736FC1F8D086D00355F6C /* LaunchScreen.storyboard */,
			);
			path = Assets;
			sourceTree = "<group>";
		};
		F79228961F936504000BF476 /* View Controllers */ = {
			isa = PBXGroup;
			children = (
				F7B736F51F8D086D00355F6C /* ViewController.swift */,
			);
			path = "View Controllers";
			sourceTree = "<group>";
		};
		F7B736E71F8D086D00355F6C = {
			isa = PBXGroup;
			children = (
				F7B736F21F8D086D00355F6C /* GrammarChecker */,
				F7B736F11F8D086D00355F6C /* Products */,
				F7500A551F9643BA008AA9FE /* Frameworks */,
			);
			sourceTree = "<group>";
		};
		F7B736F11F8D086D00355F6C /* Products */ = {
			isa = PBXGroup;
			children = (
				F7B736F01F8D086D00355F6C /* GrammarChecker.app */,
			);
			name = Products;
			sourceTree = "<group>";
		};
		F7B736F21F8D086D00355F6C /* GrammarChecker */ = {
			isa = PBXGroup;
			children = (
				F7B736F31F8D086D00355F6C /* AppDelegate.swift */,
				F7F8A47C1F8ED11D00A1D810 /* EnglishConstants.swift */,
				F78E95241F926721005334C0 /* Tense.swift */,
				F7500A581F965143008AA9FE /* View */,
				F79228961F936504000BF476 /* View Controllers */,
				F79228951F93644F000BF476 /* Assets */,
				F79228941F936448000BF476 /* Model */,
				F79228931F93643F000BF476 /* Services */,
				F7B736FF1F8D086D00355F6C /* Info.plist */,
			);
			path = GrammarChecker;
			sourceTree = "<group>";
		};
/* End PBXGroup section */

/* Begin PBXNativeTarget section */
		F7B736EF1F8D086D00355F6C /* GrammarChecker */ = {
			isa = PBXNativeTarget;
			buildConfigurationList = F7B737021F8D086D00355F6C /* Build configuration list for PBXNativeTarget "GrammarChecker" */;
			buildPhases = (
				F7B736EC1F8D086D00355F6C /* Sources */,
				F7B736ED1F8D086D00355F6C /* Frameworks */,
				F7B736EE1F8D086D00355F6C /* Resources */,
			);
			buildRules = (
			);
			dependencies = (
			);
			name = GrammarChecker;
			productName = GrammarChecker;
			productReference = F7B736F01F8D086D00355F6C /* GrammarChecker.app */;
			productType = "com.apple.product-type.application";
		};
/* End PBXNativeTarget section */

/* Begin PBXProject section */
		F7B736E81F8D086D00355F6C /* Project object */ = {
			isa = PBXProject;
			attributes = {
				LastSwiftUpdateCheck = 0900;
				LastUpgradeCheck = 0900;
				ORGANIZATIONNAME = "Ahmed El-Kollaly";
				TargetAttributes = {
					F7B736EF1F8D086D00355F6C = {
						CreatedOnToolsVersion = 9.0;
						ProvisioningStyle = Automatic;
					};
				};
			};
			buildConfigurationList = F7B736EB1F8D086D00355F6C /* Build configuration list for PBXProject "GrammarChecker" */;
			compatibilityVersion = "Xcode 8.0";
			developmentRegion = en;
			hasScannedForEncodings = 0;
			knownRegions = (
				en,
				Base,
			);
			mainGroup = F7B736E71F8D086D00355F6C;
			productRefGroup = F7B736F11F8D086D00355F6C /* Products */;
			projectDirPath = "";
			projectRoot = "";
			targets = (
				F7B736EF1F8D086D00355F6C /* GrammarChecker */,
			);
		};
/* End PBXProject section */

/* Begin PBXResourcesBuildPhase section */
		F7B736EE1F8D086D00355F6C /* Resources */ = {
			isa = PBXResourcesBuildPhase;
			buildActionMask = 2147483647;
			files = (
				F7B736FE1F8D086D00355F6C /* LaunchScreen.storyboard in Resources */,
				F7B736FB1F8D086D00355F6C /* Assets.xcassets in Resources */,
				F7B736F91F8D086D00355F6C /* Main.storyboard in Resources */,
			);
			runOnlyForDeploymentPostprocessing = 0;
		};
/* End PBXResourcesBuildPhase section */

/* Begin PBXSourcesBuildPhase section */
		F7B736EC1F8D086D00355F6C /* Sources */ = {
			isa = PBXSourcesBuildPhase;
			buildActionMask = 2147483647;
			files = (
				F7F8A47D1F8ED11D00A1D810 /* EnglishConstants.swift in Sources */,
				F7B736F61F8D086D00355F6C /* ViewController.swift in Sources */,
				F7B7370A1F8D09C800355F6C /* TextProcessingService.swift in Sources */,
				F7F8A47B1F8EC87100A1D810 /* Word.swift in Sources */,
				F7500A541F96418F008AA9FE /* SpeechRecognition.swift in Sources */,
				F7B736F41F8D086D00355F6C /* AppDelegate.swift in Sources */,
				F7500A5A1F96515D008AA9FE /* RoundButton.swift in Sources */,
				F7500A521F96417D008AA9FE /* TextToSpeechService.swift in Sources */,
				F78E95251F926721005334C0 /* Tense.swift in Sources */,
				F72014C71F9CA3BA00E999D0 /* VoiceRecognitionService.swift in Sources */,
				F7B737061F8D08AC00355F6C /* GrammarCheckingService.swift in Sources */,
			);
			runOnlyForDeploymentPostprocessing = 0;
		};
/* End PBXSourcesBuildPhase section */

/* Begin PBXVariantGroup section */
		F7B736F71F8D086D00355F6C /* Main.storyboard */ = {
			isa = PBXVariantGroup;
			children = (
				F7B736F81F8D086D00355F6C /* Base */,
			);
			name = Main.storyboard;
			sourceTree = "<group>";
		};
		F7B736FC1F8D086D00355F6C /* LaunchScreen.storyboard */ = {
			isa = PBXVariantGroup;
			children = (
				F7B736FD1F8D086D00355F6C /* Base */,
			);
			name = LaunchScreen.storyboard;
			sourceTree = "<group>";
		};
/* End PBXVariantGroup section */

/* Begin XCBuildConfiguration section */
		F7B737001F8D086D00355F6C /* Debug */ = {
			isa = XCBuildConfiguration;
			buildSettings = {
				ALWAYS_SEARCH_USER_PATHS = NO;
				CLANG_ANALYZER_NONNULL = YES;
				CLANG_ANALYZER_NUMBER_OBJECT_CONVERSION = YES_AGGRESSIVE;
				CLANG_CXX_LANGUAGE_STANDARD = "gnu++14";
				CLANG_CXX_LIBRARY = "libc++";
				CLANG_ENABLE_MODULES = YES;
				CLANG_ENABLE_OBJC_ARC = YES;
				CLANG_WARN_BLOCK_CAPTURE_AUTORELEASING = YES;
				CLANG_WARN_BOOL_CONVERSION = YES;
				CLANG_WARN_COMMA = YES;
				CLANG_WARN_CONSTANT_CONVERSION = YES;
				CLANG_WARN_DIRECT_OBJC_ISA_USAGE = YES_ERROR;
				CLANG_WARN_DOCUMENTATION_COMMENTS = YES;
				CLANG_WARN_EMPTY_BODY = YES;
				CLANG_WARN_ENUM_CONVERSION = YES;
				CLANG_WARN_INFINITE_RECURSION = YES;
				CLANG_WARN_INT_CONVERSION = YES;
				CLANG_WARN_NON_LITERAL_NULL_CONVERSION = YES;
				CLANG_WARN_OBJC_LITERAL_CONVERSION = YES;
				CLANG_WARN_OBJC_ROOT_CLASS = YES_ERROR;
				CLANG_WARN_RANGE_LOOP_ANALYSIS = YES;
				CLANG_WARN_STRICT_PROTOTYPES = YES;
				CLANG_WARN_SUSPICIOUS_MOVE = YES;
				CLANG_WARN_UNGUARDED_AVAILABILITY = YES_AGGRESSIVE;
				CLANG_WARN_UNREACHABLE_CODE = YES;
				CLANG_WARN__DUPLICATE_METHOD_MATCH = YES;
				CODE_SIGN_IDENTITY = "iPhone Developer";
				COPY_PHASE_STRIP = NO;
				DEBUG_INFORMATION_FORMAT = dwarf;
				ENABLE_STRICT_OBJC_MSGSEND = YES;
				ENABLE_TESTABILITY = YES;
				GCC_C_LANGUAGE_STANDARD = gnu11;
				GCC_DYNAMIC_NO_PIC = NO;
				GCC_NO_COMMON_BLOCKS = YES;
				GCC_OPTIMIZATION_LEVEL = 0;
				GCC_PREPROCESSOR_DEFINITIONS = (
					"DEBUG=1",
					"$(inherited)",
				);
				GCC_WARN_64_TO_32_BIT_CONVERSION = YES;
				GCC_WARN_ABOUT_RETURN_TYPE = YES_ERROR;
				GCC_WARN_UNDECLARED_SELECTOR = YES;
				GCC_WARN_UNINITIALIZED_AUTOS = YES_AGGRESSIVE;
				GCC_WARN_UNUSED_FUNCTION = YES;
				GCC_WARN_UNUSED_VARIABLE = YES;
				IPHONEOS_DEPLOYMENT_TARGET = 11.0;
				MTL_ENABLE_DEBUG_INFO = YES;
				ONLY_ACTIVE_ARCH = YES;
				SDKROOT = iphoneos;
				SWIFT_ACTIVE_COMPILATION_CONDITIONS = DEBUG;
				SWIFT_OPTIMIZATION_LEVEL = "-Onone";
			};
			name = Debug;
		};
		F7B737011F8D086D00355F6C /* Release */ = {
			isa = XCBuildConfiguration;
			buildSettings = {
				ALWAYS_SEARCH_USER_PATHS = NO;
				CLANG_ANALYZER_NONNULL = YES;
				CLANG_ANALYZER_NUMBER_OBJECT_CONVERSION = YES_AGGRESSIVE;
				CLANG_CXX_LANGUAGE_STANDARD = "gnu++14";
				CLANG_CXX_LIBRARY = "libc++";
				CLANG_ENABLE_MODULES = YES;
				CLANG_ENABLE_OBJC_ARC = YES;
				CLANG_WARN_BLOCK_CAPTURE_AUTORELEASING = YES;
				CLANG_WARN_BOOL_CONVERSION = YES;
				CLANG_WARN_COMMA = YES;
				CLANG_WARN_CONSTANT_CONVERSION = YES;
				CLANG_WARN_DIRECT_OBJC_ISA_USAGE = YES_ERROR;
				CLANG_WARN_DOCUMENTATION_COMMENTS = YES;
				CLANG_WARN_EMPTY_BODY = YES;
				CLANG_WARN_ENUM_CONVERSION = YES;
				CLANG_WARN_INFINITE_RECURSION = YES;
				CLANG_WARN_INT_CONVERSION = YES;
				CLANG_WARN_NON_LITERAL_NULL_CONVERSION = YES;
				CLANG_WARN_OBJC_LITERAL_CONVERSION = YES;
				CLANG_WARN_OBJC_ROOT_CLASS = YES_ERROR;
				CLANG_WARN_RANGE_LOOP_ANALYSIS = YES;
				CLANG_WARN_STRICT_PROTOTYPES = YES;
				CLANG_WARN_SUSPICIOUS_MOVE = YES;
				CLANG_WARN_UNGUARDED_AVAILABILITY = YES_AGGRESSIVE;
				CLANG_WARN_UNREACHABLE_CODE = YES;
				CLANG_WARN__DUPLICATE_METHOD_MATCH = YES;
				CODE_SIGN_IDENTITY = "iPhone Developer";
				COPY_PHASE_STRIP = NO;
				DEBUG_INFORMATION_FORMAT = "dwarf-with-dsym";
				ENABLE_NS_ASSERTIONS = NO;
				ENABLE_STRICT_OBJC_MSGSEND = YES;
				GCC_C_LANGUAGE_STANDARD = gnu11;
				GCC_NO_COMMON_BLOCKS = YES;
				GCC_WARN_64_TO_32_BIT_CONVERSION = YES;
				GCC_WARN_ABOUT_RETURN_TYPE = YES_ERROR;
				GCC_WARN_UNDECLARED_SELECTOR = YES;
				GCC_WARN_UNINITIALIZED_AUTOS = YES_AGGRESSIVE;
				GCC_WARN_UNUSED_FUNCTION = YES;
				GCC_WARN_UNUSED_VARIABLE = YES;
				IPHONEOS_DEPLOYMENT_TARGET = 11.0;
				MTL_ENABLE_DEBUG_INFO = NO;
				SDKROOT = iphoneos;
				SWIFT_OPTIMIZATION_LEVEL = "-Owholemodule";
				VALIDATE_PRODUCT = YES;
			};
			name = Release;
		};
		F7B737031F8D086D00355F6C /* Debug */ = {
			isa = XCBuildConfiguration;
			buildSettings = {
				ASSETCATALOG_COMPILER_APPICON_NAME = AppIcon;
				CODE_SIGN_STYLE = Automatic;
				DEVELOPMENT_TEAM = 398RE9TJ24;
				INFOPLIST_FILE = GrammarChecker/Info.plist;
				LD_RUNPATH_SEARCH_PATHS = "$(inherited) @executable_path/Frameworks";
				PRODUCT_BUNDLE_IDENTIFIER = com.IDLabs.GrammarChecker;
				PRODUCT_NAME = "$(TARGET_NAME)";
				SWIFT_VERSION = 4.0;
				TARGETED_DEVICE_FAMILY = "1,2";
			};
			name = Debug;
		};
		F7B737041F8D086D00355F6C /* Release */ = {
			isa = XCBuildConfiguration;
			buildSettings = {
				ASSETCATALOG_COMPILER_APPICON_NAME = AppIcon;
				CODE_SIGN_STYLE = Automatic;
				DEVELOPMENT_TEAM = 398RE9TJ24;
				INFOPLIST_FILE = GrammarChecker/Info.plist;
				LD_RUNPATH_SEARCH_PATHS = "$(inherited) @executable_path/Frameworks";
				PRODUCT_BUNDLE_IDENTIFIER = com.IDLabs.GrammarChecker;
				PRODUCT_NAME = "$(TARGET_NAME)";
				SWIFT_VERSION = 4.0;
				TARGETED_DEVICE_FAMILY = "1,2";
			};
			name = Release;
		};
/* End XCBuildConfiguration section */

/* Begin XCConfigurationList section */
		F7B736EB1F8D086D00355F6C /* Build configuration list for PBXProject "GrammarChecker" */ = {
			isa = XCConfigurationList;
			buildConfigurations = (
				F7B737001F8D086D00355F6C /* Debug */,
				F7B737011F8D086D00355F6C /* Release */,
			);
			defaultConfigurationIsVisible = 0;
			defaultConfigurationName = Release;
		};
		F7B737021F8D086D00355F6C /* Build configuration list for PBXNativeTarget "GrammarChecker" */ = {
			isa = XCConfigurationList;
			buildConfigurations = (
				F7B737031F8D086D00355F6C /* Debug */,
				F7B737041F8D086D00355F6C /* Release */,
			);
			defaultConfigurationIsVisible = 0;
			defaultConfigurationName = Release;
		};
/* End XCConfigurationList section */
	};
	rootObject = F7B736E81F8D086D00355F6C /* Project object */;
}
